
Microsoft Visual Studio Solution File, Format Version 12.00
# Visual Studio Version 17
VisualStudioVersion = 17.7.34202.233
MinimumVisualStudioVersion = 10.0.40219.1
Project("{F184B08F-C81C-45F6-A57F-5ABD9991F28F}") = "Examen", "Examen.vbproj", "{E4C3093C-81B6-4E8B-B767-13FDCB717002}"
EndProject
Global
	GlobalSection(SolutionConfigurationPlatforms) = preSolution
		Debug|Any CPU = Debug|Any CPU
		Release|Any CPU = Release|Any CPU
	EndGlobalSection
	GlobalSection(ProjectConfigurationPlatforms) = postSolution
		{E4C3093C-81B6-4E8B-B767-13FDCB717002}.Debug|Any CPU.ActiveCfg = Debug|Any CPU
		{E4C3093C-81B6-4E8B-B767-13FDCB717002}.Debug|Any CPU.Build.0 = Debug|Any CPU
		{E4C3093C-81B6-4E8B-B767-13FDCB717002}.Release|Any CPU.ActiveCfg = Release|Any CPU
		{E4C3093C-81B6-4E8B-B767-13FDCB717002}.Release|Any CPU.Build.0 = Release|Any CPU
	EndGlobalSection
	GlobalSection(SolutionProperties) = preSolution
		HideSolutionNode = FALSE
	EndGlobalSection
	GlobalSection(ExtensibilityGlobals) = postSolution
		SolutionGuid = {E3DC7A9C-1D8E-4287-87B1-00165855481A}
	EndGlobalSection
EndGlobal
